// !$*UTF8*$!
{
	archiveVersion = 1;
	classes = {
	};
	objectVersion = 55;
	objects = {

/* Begin PBXBuildFile section */
		5290DBE3B5CF45F4C9443D93 /* libPods-AronMail-AronMailUITests.a in Frameworks */ = {isa = PBXBuildFile; fileRef = BC9AA015606423C941660173 /* libPods-AronMail-AronMailUITests.a */; };
		6C2DC284830066FC9D1D1BD4 /* libPods-AronMail.a in Frameworks */ = {isa = PBXBuildFile; fileRef = 402A26FDBE235BEBEE0006BC /* libPods-AronMail.a */; };
		CD2D6DEC28855A4500EFA19A /* AppDelegate.m in Sources */ = {isa = PBXBuildFile; fileRef = CD2D6DEB28855A4500EFA19A /* AppDelegate.m */; };
		CD2D6DEE28855A4700EFA19A /* Assets.xcassets in Resources */ = {isa = PBXBuildFile; fileRef = CD2D6DED28855A4700EFA19A /* Assets.xcassets */; };
		CD2D6DF328855A4700EFA19A /* main.m in Sources */ = {isa = PBXBuildFile; fileRef = CD2D6DF228855A4700EFA19A /* main.m */; };
		CD2D6DFE28855A4700EFA19A /* AronMailTests.m in Sources */ = {isa = PBXBuildFile; fileRef = CD2D6DFD28855A4700EFA19A /* AronMailTests.m */; };
		CD2D6E0828855A4700EFA19A /* AronMailUITests.m in Sources */ = {isa = PBXBuildFile; fileRef = CD2D6E0728855A4700EFA19A /* AronMailUITests.m */; };
		CD2D6E0A28855A4700EFA19A /* AronMailUITestsLaunchTests.m in Sources */ = {isa = PBXBuildFile; fileRef = CD2D6E0928855A4700EFA19A /* AronMailUITestsLaunchTests.m */; };
		CD2D6E1728855B4100EFA19A /* YYModel in Resources */ = {isa = PBXBuildFile; fileRef = CD2D6E1628855B4100EFA19A /* YYModel */; };
		CD2D6E1D28855B8600EFA19A /* MainWindowsController.m in Sources */ = {isa = PBXBuildFile; fileRef = CD2D6E1C28855B8600EFA19A /* MainWindowsController.m */; };
		CD2D6E1F28855B8C00EFA19A /* MainWindowsController.xib in Resources */ = {isa = PBXBuildFile; fileRef = CD2D6E1E28855B8C00EFA19A /* MainWindowsController.xib */; };
		CD2D6E2328855C7D00EFA19A /* MainLoginViewController.m in Sources */ = {isa = PBXBuildFile; fileRef = CD2D6E2128855C7D00EFA19A /* MainLoginViewController.m */; };
		CD2D6E2428855C7D00EFA19A /* MainLoginViewController.xib in Resources */ = {isa = PBXBuildFile; fileRef = CD2D6E2228855C7D00EFA19A /* MainLoginViewController.xib */; };
		CD2D6E2628855DC500EFA19A /* MainMenu.xib in Resources */ = {isa = PBXBuildFile; fileRef = CD2D6E2528855DC500EFA19A /* MainMenu.xib */; };
		CD2D6E2928855E7E00EFA19A /* MainLoginView.m in Sources */ = {isa = PBXBuildFile; fileRef = CD2D6E2828855E7E00EFA19A /* MainLoginView.m */; };
		CD2D6E302885695500EFA19A /* MailViewController.m in Sources */ = {isa = PBXBuildFile; fileRef = CD2D6E2E2885695500EFA19A /* MailViewController.m */; };
		CD2D6E312885695500EFA19A /* MailViewController.xib in Resources */ = {isa = PBXBuildFile; fileRef = CD2D6E2F2885695500EFA19A /* MailViewController.xib */; };
		CD2D6E3428858C8900EFA19A /* MainMailView.m in Sources */ = {isa = PBXBuildFile; fileRef = CD2D6E3328858C8900EFA19A /* MainMailView.m */; };
		CD2D6E37288591F200EFA19A /* CellTableView.m in Sources */ = {isa = PBXBuildFile; fileRef = CD2D6E36288591F200EFA19A /* CellTableView.m */; };
		CD2D6E3A2885929100EFA19A /* MailList.m in Sources */ = {isa = PBXBuildFile; fileRef = CD2D6E392885929100EFA19A /* MailList.m */; };
		CD2D6E3D288657CE00EFA19A /* MailMenuList.m in Sources */ = {isa = PBXBuildFile; fileRef = CD2D6E3C288657CE00EFA19A /* MailMenuList.m */; };
		CD2D6E4328867EC300EFA19A /* CellMailMenuListView.m in Sources */ = {isa = PBXBuildFile; fileRef = CD2D6E4228867EC300EFA19A /* CellMailMenuListView.m */; };
		DF43A1A3E7BE44C8E837E82A /* libPods-AronMailTests.a in Frameworks */ = {isa = PBXBuildFile; fileRef = 0BC90239F6B3C2DFD2936101 /* libPods-AronMailTests.a */; };
/* End PBXBuildFile section */

/* Begin PBXContainerItemProxy section */
		CD2D6DFA28855A4700EFA19A /* PBXContainerItemProxy */ = {
			isa = PBXContainerItemProxy;
			containerPortal = CD2D6DDF28855A4500EFA19A /* Project object */;
			proxyType = 1;
			remoteGlobalIDString = CD2D6DE628855A4500EFA19A;
			remoteInfo = AronMail;
		};
		CD2D6E0428855A4700EFA19A /* PBXContainerItemProxy */ = {
			isa = PBXContainerItemProxy;
			containerPortal = CD2D6DDF28855A4500EFA19A /* Project object */;
			proxyType = 1;
			remoteGlobalIDString = CD2D6DE628855A4500EFA19A;
			remoteInfo = AronMail;
		};
/* End PBXContainerItemProxy section */

/* Begin PBXFileReference section */
		0BC90239F6B3C2DFD2936101 /* libPods-AronMailTests.a */ = {isa = PBXFileReference; explicitFileType = archive.ar; includeInIndex = 0; path = "libPods-AronMailTests.a"; sourceTree = BUILT_PRODUCTS_DIR; };
		186E1FB5F49A7374D52F436B /* Pods-AronMail-AronMailUITests.release.xcconfig */ = {isa = PBXFileReference; includeInIndex = 1; lastKnownFileType = text.xcconfig; name = "Pods-AronMail-AronMailUITests.release.xcconfig"; path = "Target Support Files/Pods-AronMail-AronMailUITests/Pods-AronMail-AronMailUITests.release.xcconfig"; sourceTree = "<group>"; };
		30C74770AF3DBDB915E11EED /* Pods-AronMail-AronMailUITests.debug.xcconfig */ = {isa = PBXFileReference; includeInIndex = 1; lastKnownFileType = text.xcconfig; name = "Pods-AronMail-AronMailUITests.debug.xcconfig"; path = "Target Support Files/Pods-AronMail-AronMailUITests/Pods-AronMail-AronMailUITests.debug.xcconfig"; sourceTree = "<group>"; };
		402A26FDBE235BEBEE0006BC /* libPods-AronMail.a */ = {isa = PBXFileReference; explicitFileType = archive.ar; includeInIndex = 0; path = "libPods-AronMail.a"; sourceTree = BUILT_PRODUCTS_DIR; };
		453162D01DA686C65E1FA1F1 /* Pods-AronMail.debug.xcconfig */ = {isa = PBXFileReference; includeInIndex = 1; lastKnownFileType = text.xcconfig; name = "Pods-AronMail.debug.xcconfig"; path = "Target Support Files/Pods-AronMail/Pods-AronMail.debug.xcconfig"; sourceTree = "<group>"; };
		7AE0BBBE957FC1439ABB437E /* Pods-AronMail.release.xcconfig */ = {isa = PBXFileReference; includeInIndex = 1; lastKnownFileType = text.xcconfig; name = "Pods-AronMail.release.xcconfig"; path = "Target Support Files/Pods-AronMail/Pods-AronMail.release.xcconfig"; sourceTree = "<group>"; };
		83004270AC5E655F635C380E /* Pods-AronMailTests.release.xcconfig */ = {isa = PBXFileReference; includeInIndex = 1; lastKnownFileType = text.xcconfig; name = "Pods-AronMailTests.release.xcconfig"; path = "Target Support Files/Pods-AronMailTests/Pods-AronMailTests.release.xcconfig"; sourceTree = "<group>"; };
		BC9AA015606423C941660173 /* libPods-AronMail-AronMailUITests.a */ = {isa = PBXFileReference; explicitFileType = archive.ar; includeInIndex = 0; path = "libPods-AronMail-AronMailUITests.a"; sourceTree = BUILT_PRODUCTS_DIR; };
		CD2D6DE728855A4500EFA19A /* AronMail.app */ = {isa = PBXFileReference; explicitFileType = wrapper.application; includeInIndex = 0; path = AronMail.app; sourceTree = BUILT_PRODUCTS_DIR; };
		CD2D6DEA28855A4500EFA19A /* AppDelegate.h */ = {isa = PBXFileReference; lastKnownFileType = sourcecode.c.h; path = AppDelegate.h; sourceTree = "<group>"; };
		CD2D6DEB28855A4500EFA19A /* AppDelegate.m */ = {isa = PBXFileReference; lastKnownFileType = sourcecode.c.objc; path = AppDelegate.m; sourceTree = "<group>"; };
		CD2D6DED28855A4700EFA19A /* Assets.xcassets */ = {isa = PBXFileReference; lastKnownFileType = folder.assetcatalog; path = Assets.xcassets; sourceTree = "<group>"; };
		CD2D6DF228855A4700EFA19A /* main.m */ = {isa = PBXFileReference; lastKnownFileType = sourcecode.c.objc; path = main.m; sourceTree = "<group>"; };
		CD2D6DF428855A4700EFA19A /* AronMail.entitlements */ = {isa = PBXFileReference; lastKnownFileType = text.plist.entitlements; path = AronMail.entitlements; sourceTree = "<group>"; };
		CD2D6DF928855A4700EFA19A /* AronMailTests.xctest */ = {isa = PBXFileReference; explicitFileType = wrapper.cfbundle; includeInIndex = 0; path = AronMailTests.xctest; sourceTree = BUILT_PRODUCTS_DIR; };
		CD2D6DFD28855A4700EFA19A /* AronMailTests.m */ = {isa = PBXFileReference; lastKnownFileType = sourcecode.c.objc; path = AronMailTests.m; sourceTree = "<group>"; };
		CD2D6E0328855A4700EFA19A /* AronMailUITests.xctest */ = {isa = PBXFileReference; explicitFileType = wrapper.cfbundle; includeInIndex = 0; path = AronMailUITests.xctest; sourceTree = BUILT_PRODUCTS_DIR; };
		CD2D6E0728855A4700EFA19A /* AronMailUITests.m */ = {isa = PBXFileReference; lastKnownFileType = sourcecode.c.objc; path = AronMailUITests.m; sourceTree = "<group>"; };
		CD2D6E0928855A4700EFA19A /* AronMailUITestsLaunchTests.m */ = {isa = PBXFileReference; lastKnownFileType = sourcecode.c.objc; path = AronMailUITestsLaunchTests.m; sourceTree = "<group>"; };
		CD2D6E1628855B4100EFA19A /* YYModel */ = {isa = PBXFileReference; lastKnownFileType = folder; path = YYModel; sourceTree = "<group>"; };
		CD2D6E1B28855B8000EFA19A /* MainWindowsController.h */ = {isa = PBXFileReference; fileEncoding = 4; lastKnownFileType = sourcecode.c.h; path = MainWindowsController.h; sourceTree = "<group>"; };
		CD2D6E1C28855B8600EFA19A /* MainWindowsController.m */ = {isa = PBXFileReference; fileEncoding = 4; lastKnownFileType = sourcecode.c.objc; path = MainWindowsController.m; sourceTree = "<group>"; };
		CD2D6E1E28855B8C00EFA19A /* MainWindowsController.xib */ = {isa = PBXFileReference; fileEncoding = 4; lastKnownFileType = file.xib; path = MainWindowsController.xib; sourceTree = "<group>"; };
		CD2D6E2028855C7D00EFA19A /* MainLoginViewController.h */ = {isa = PBXFileReference; lastKnownFileType = sourcecode.c.h; path = MainLoginViewController.h; sourceTree = "<group>"; };
		CD2D6E2128855C7D00EFA19A /* MainLoginViewController.m */ = {isa = PBXFileReference; lastKnownFileType = sourcecode.c.objc; path = MainLoginViewController.m; sourceTree = "<group>"; };
		CD2D6E2228855C7D00EFA19A /* MainLoginViewController.xib */ = {isa = PBXFileReference; lastKnownFileType = file.xib; path = MainLoginViewController.xib; sourceTree = "<group>"; };
		CD2D6E2528855DC500EFA19A /* MainMenu.xib */ = {isa = PBXFileReference; fileEncoding = 4; lastKnownFileType = file.xib; path = MainMenu.xib; sourceTree = "<group>"; };
		CD2D6E2728855E7E00EFA19A /* MainLoginView.h */ = {isa = PBXFileReference; lastKnownFileType = sourcecode.c.h; path = MainLoginView.h; sourceTree = "<group>"; };
		CD2D6E2828855E7E00EFA19A /* MainLoginView.m */ = {isa = PBXFileReference; lastKnownFileType = sourcecode.c.objc; path = MainLoginView.m; sourceTree = "<group>"; };
		CD2D6E2D2885695500EFA19A /* MailViewController.h */ = {isa = PBXFileReference; lastKnownFileType = sourcecode.c.h; path = MailViewController.h; sourceTree = "<group>"; };
		CD2D6E2E2885695500EFA19A /* MailViewController.m */ = {isa = PBXFileReference; lastKnownFileType = sourcecode.c.objc; path = MailViewController.m; sourceTree = "<group>"; };
		CD2D6E2F2885695500EFA19A /* MailViewController.xib */ = {isa = PBXFileReference; lastKnownFileType = file.xib; path = MailViewController.xib; sourceTree = "<group>"; };
		CD2D6E3228858C8900EFA19A /* MainMailView.h */ = {isa = PBXFileReference; lastKnownFileType = sourcecode.c.h; path = MainMailView.h; sourceTree = "<group>"; };
		CD2D6E3328858C8900EFA19A /* MainMailView.m */ = {isa = PBXFileReference; lastKnownFileType = sourcecode.c.objc; path = MainMailView.m; sourceTree = "<group>"; };
		CD2D6E35288591CF00EFA19A /* CellTableView.h */ = {isa = PBXFileReference; fileEncoding = 4; lastKnownFileType = sourcecode.c.h; path = CellTableView.h; sourceTree = "<group>"; };
		CD2D6E36288591F200EFA19A /* CellTableView.m */ = {isa = PBXFileReference; fileEncoding = 4; lastKnownFileType = sourcecode.c.objc; path = CellTableView.m; sourceTree = "<group>"; };
		CD2D6E382885929100EFA19A /* MailList.h */ = {isa = PBXFileReference; lastKnownFileType = sourcecode.c.h; path = MailList.h; sourceTree = "<group>"; };
		CD2D6E392885929100EFA19A /* MailList.m */ = {isa = PBXFileReference; lastKnownFileType = sourcecode.c.objc; path = MailList.m; sourceTree = "<group>"; };
		CD2D6E3B288657CE00EFA19A /* MailMenuList.h */ = {isa = PBXFileReference; lastKnownFileType = sourcecode.c.h; path = MailMenuList.h; sourceTree = "<group>"; };
		CD2D6E3C288657CE00EFA19A /* MailMenuList.m */ = {isa = PBXFileReference; lastKnownFileType = sourcecode.c.objc; path = MailMenuList.m; sourceTree = "<group>"; };
		CD2D6E4128867EC300EFA19A /* CellMailMenuListView.h */ = {isa = PBXFileReference; lastKnownFileType = sourcecode.c.h; path = CellMailMenuListView.h; sourceTree = "<group>"; };
		CD2D6E4228867EC300EFA19A /* CellMailMenuListView.m */ = {isa = PBXFileReference; lastKnownFileType = sourcecode.c.objc; path = CellMailMenuListView.m; sourceTree = "<group>"; };
		CD2D6E44288692F500EFA19A /* Info.plist */ = {isa = PBXFileReference; lastKnownFileType = text.plist; path = Info.plist; sourceTree = "<group>"; };
		D2D3628914ADA55A3324FDE9 /* Pods-AronMailTests.debug.xcconfig */ = {isa = PBXFileReference; includeInIndex = 1; lastKnownFileType = text.xcconfig; name = "Pods-AronMailTests.debug.xcconfig"; path = "Target Support Files/Pods-AronMailTests/Pods-AronMailTests.debug.xcconfig"; sourceTree = "<group>"; };
/* End PBXFileReference section */

/* Begin PBXFrameworksBuildPhase section */
		CD2D6DE428855A4500EFA19A /* Frameworks */ = {
			isa = PBXFrameworksBuildPhase;
			buildActionMask = 2147483647;
			files = (
				6C2DC284830066FC9D1D1BD4 /* libPods-AronMail.a in Frameworks */,
			);
			runOnlyForDeploymentPostprocessing = 0;
		};
		CD2D6DF628855A4700EFA19A /* Frameworks */ = {
			isa = PBXFrameworksBuildPhase;
			buildActionMask = 2147483647;
			files = (
				DF43A1A3E7BE44C8E837E82A /* libPods-AronMailTests.a in Frameworks */,
			);
			runOnlyForDeploymentPostprocessing = 0;
		};
		CD2D6E0028855A4700EFA19A /* Frameworks */ = {
			isa = PBXFrameworksBuildPhase;
			buildActionMask = 2147483647;
			files = (
				5290DBE3B5CF45F4C9443D93 /* libPods-AronMail-AronMailUITests.a in Frameworks */,
			);
			runOnlyForDeploymentPostprocessing = 0;
		};
/* End PBXFrameworksBuildPhase section */

/* Begin PBXGroup section */
		827ECBAE27BA75832545443A /* Frameworks */ = {
			isa = PBXGroup;
			children = (
				402A26FDBE235BEBEE0006BC /* libPods-AronMail.a */,
				BC9AA015606423C941660173 /* libPods-AronMail-AronMailUITests.a */,
				0BC90239F6B3C2DFD2936101 /* libPods-AronMailTests.a */,
			);
			name = Frameworks;
			sourceTree = "<group>";
		};
		9B464DD15E9F2BD24D5BE8B5 /* Pods */ = {
			isa = PBXGroup;
			children = (
				453162D01DA686C65E1FA1F1 /* Pods-AronMail.debug.xcconfig */,
				7AE0BBBE957FC1439ABB437E /* Pods-AronMail.release.xcconfig */,
				30C74770AF3DBDB915E11EED /* Pods-AronMail-AronMailUITests.debug.xcconfig */,
				186E1FB5F49A7374D52F436B /* Pods-AronMail-AronMailUITests.release.xcconfig */,
				D2D3628914ADA55A3324FDE9 /* Pods-AronMailTests.debug.xcconfig */,
				83004270AC5E655F635C380E /* Pods-AronMailTests.release.xcconfig */,
			);
			path = Pods;
			sourceTree = "<group>";
		};
		CD2D6DDE28855A4500EFA19A = {
			isa = PBXGroup;
			children = (
				CD2D6E1628855B4100EFA19A /* YYModel */,
				CD2D6DE928855A4500EFA19A /* AronMail */,
				CD2D6DFC28855A4700EFA19A /* AronMailTests */,
				CD2D6E0628855A4700EFA19A /* AronMailUITests */,
				CD2D6DE828855A4500EFA19A /* Products */,
				9B464DD15E9F2BD24D5BE8B5 /* Pods */,
				827ECBAE27BA75832545443A /* Frameworks */,
			);
			sourceTree = "<group>";
		};
		CD2D6DE828855A4500EFA19A /* Products */ = {
			isa = PBXGroup;
			children = (
				CD2D6DE728855A4500EFA19A /* AronMail.app */,
				CD2D6DF928855A4700EFA19A /* AronMailTests.xctest */,
				CD2D6E0328855A4700EFA19A /* AronMailUITests.xctest */,
			);
			name = Products;
			sourceTree = "<group>";
		};
		CD2D6DE928855A4500EFA19A /* AronMail */ = {
			isa = PBXGroup;
			children = (
				CD2D6E44288692F500EFA19A /* Info.plist */,
				CD2D6E1828855B4500EFA19A /* DataSource */,
				CD2D6E1928855B4F00EFA19A /* View */,
				CD2D6E1A28855B5700EFA19A /* Controller */,
				CD2D6DED28855A4700EFA19A /* Assets.xcassets */,
				CD2D6E2528855DC500EFA19A /* MainMenu.xib */,
				CD2D6DF228855A4700EFA19A /* main.m */,
				CD2D6DF428855A4700EFA19A /* AronMail.entitlements */,
			);
			path = AronMail;
			sourceTree = "<group>";
		};
		CD2D6DFC28855A4700EFA19A /* AronMailTests */ = {
			isa = PBXGroup;
			children = (
				CD2D6DFD28855A4700EFA19A /* AronMailTests.m */,
			);
			path = AronMailTests;
			sourceTree = "<group>";
		};
		CD2D6E0628855A4700EFA19A /* AronMailUITests */ = {
			isa = PBXGroup;
			children = (
				CD2D6E0728855A4700EFA19A /* AronMailUITests.m */,
				CD2D6E0928855A4700EFA19A /* AronMailUITestsLaunchTests.m */,
			);
			path = AronMailUITests;
			sourceTree = "<group>";
		};
		CD2D6E1828855B4500EFA19A /* DataSource */ = {
			isa = PBXGroup;
			children = (
				CD2D6E3B288657CE00EFA19A /* MailMenuList.h */,
				CD2D6E3C288657CE00EFA19A /* MailMenuList.m */,
				CD2D6E382885929100EFA19A /* MailList.h */,
				CD2D6E392885929100EFA19A /* MailList.m */,
			);
			path = DataSource;
			sourceTree = "<group>";
		};
		CD2D6E1928855B4F00EFA19A /* View */ = {
			isa = PBXGroup;
			children = (
				CD2D6E2728855E7E00EFA19A /* MainLoginView.h */,
				CD2D6E2828855E7E00EFA19A /* MainLoginView.m */,
				CD2D6E4128867EC300EFA19A /* CellMailMenuListView.h */,
				CD2D6E4228867EC300EFA19A /* CellMailMenuListView.m */,
				CD2D6E3228858C8900EFA19A /* MainMailView.h */,
				CD2D6E3328858C8900EFA19A /* MainMailView.m */,
				CD2D6E35288591CF00EFA19A /* CellTableView.h */,
				CD2D6E36288591F200EFA19A /* CellTableView.m */,
			);
			path = View;
			sourceTree = "<group>";
		};
		CD2D6E1A28855B5700EFA19A /* Controller */ = {
			isa = PBXGroup;
			children = (
				CD2D6DEA28855A4500EFA19A /* AppDelegate.h */,
				CD2D6DEB28855A4500EFA19A /* AppDelegate.m */,
				CD2D6E1B28855B8000EFA19A /* MainWindowsController.h */,
				CD2D6E1C28855B8600EFA19A /* MainWindowsController.m */,
				CD2D6E1E28855B8C00EFA19A /* MainWindowsController.xib */,
				CD2D6E2028855C7D00EFA19A /* MainLoginViewController.h */,
				CD2D6E2128855C7D00EFA19A /* MainLoginViewController.m */,
				CD2D6E2228855C7D00EFA19A /* MainLoginViewController.xib */,
				CD2D6E2D2885695500EFA19A /* MailViewController.h */,
				CD2D6E2E2885695500EFA19A /* MailViewController.m */,
				CD2D6E2F2885695500EFA19A /* MailViewController.xib */,
			);
			path = Controller;
			sourceTree = "<group>";
		};
/* End PBXGroup section */

/* Begin PBXNativeTarget section */
		CD2D6DE628855A4500EFA19A /* AronMail */ = {
			isa = PBXNativeTarget;
			buildConfigurationList = CD2D6E0D28855A4700EFA19A /* Build configuration list for PBXNativeTarget "AronMail" */;
			buildPhases = (
				3E080CC4697F8F955BCD5A39 /* [CP] Check Pods Manifest.lock */,
				CD2D6DE328855A4500EFA19A /* Sources */,
				CD2D6DE428855A4500EFA19A /* Frameworks */,
				CD2D6DE528855A4500EFA19A /* Resources */,
				72053EB7BB91511AA7862132 /* [CP] Copy Pods Resources */,
			);
			buildRules = (
			);
			dependencies = (
			);
			name = AronMail;
			productName = AronMail;
			productReference = CD2D6DE728855A4500EFA19A /* AronMail.app */;
			productType = "com.apple.product-type.application";
		};
		CD2D6DF828855A4700EFA19A /* AronMailTests */ = {
			isa = PBXNativeTarget;
			buildConfigurationList = CD2D6E1028855A4700EFA19A /* Build configuration list for PBXNativeTarget "AronMailTests" */;
			buildPhases = (
				41F959CB17A7008F6E26123C /* [CP] Check Pods Manifest.lock */,
				CD2D6DF528855A4700EFA19A /* Sources */,
				CD2D6DF628855A4700EFA19A /* Frameworks */,
				CD2D6DF728855A4700EFA19A /* Resources */,
			);
			buildRules = (
			);
			dependencies = (
				CD2D6DFB28855A4700EFA19A /* PBXTargetDependency */,
			);
			name = AronMailTests;
			productName = AronMailTests;
			productReference = CD2D6DF928855A4700EFA19A /* AronMailTests.xctest */;
			productType = "com.apple.product-type.bundle.unit-test";
		};
		CD2D6E0228855A4700EFA19A /* AronMailUITests */ = {
			isa = PBXNativeTarget;
			buildConfigurationList = CD2D6E1328855A4700EFA19A /* Build configuration list for PBXNativeTarget "AronMailUITests" */;
			buildPhases = (
				CCB5D4694D56A6B4F08415E1 /* [CP] Check Pods Manifest.lock */,
				CD2D6DFF28855A4700EFA19A /* Sources */,
				CD2D6E0028855A4700EFA19A /* Frameworks */,
				CD2D6E0128855A4700EFA19A /* Resources */,
				C2DAE36C74924BFF61BD435D /* [CP] Copy Pods Resources */,
			);
			buildRules = (
			);
			dependencies = (
				CD2D6E0528855A4700EFA19A /* PBXTargetDependency */,
			);
			name = AronMailUITests;
			productName = AronMailUITests;
			productReference = CD2D6E0328855A4700EFA19A /* AronMailUITests.xctest */;
			productType = "com.apple.product-type.bundle.ui-testing";
		};
/* End PBXNativeTarget section */

/* Begin PBXProject section */
		CD2D6DDF28855A4500EFA19A /* Project object */ = {
			isa = PBXProject;
			attributes = {
				BuildIndependentTargetsInParallel = 1;
				LastUpgradeCheck = 1340;
				TargetAttributes = {
					CD2D6DE628855A4500EFA19A = {
						CreatedOnToolsVersion = 13.4.1;
					};
					CD2D6DF828855A4700EFA19A = {
						CreatedOnToolsVersion = 13.4.1;
						TestTargetID = CD2D6DE628855A4500EFA19A;
					};
					CD2D6E0228855A4700EFA19A = {
						CreatedOnToolsVersion = 13.4.1;
						TestTargetID = CD2D6DE628855A4500EFA19A;
					};
				};
			};
			buildConfigurationList = CD2D6DE228855A4500EFA19A /* Build configuration list for PBXProject "AronMail" */;
			compatibilityVersion = "Xcode 13.0";
			developmentRegion = en;
			hasScannedForEncodings = 0;
			knownRegions = (
				en,
				Base,
			);
			mainGroup = CD2D6DDE28855A4500EFA19A;
			productRefGroup = CD2D6DE828855A4500EFA19A /* Products */;
			projectDirPath = "";
			projectRoot = "";
			targets = (
				CD2D6DE628855A4500EFA19A /* AronMail */,
				CD2D6DF828855A4700EFA19A /* AronMailTests */,
				CD2D6E0228855A4700EFA19A /* AronMailUITests */,
			);
		};
/* End PBXProject section */

/* Begin PBXResourcesBuildPhase section */
		CD2D6DE528855A4500EFA19A /* Resources */ = {
			isa = PBXResourcesBuildPhase;
			buildActionMask = 2147483647;
			files = (
				CD2D6E1728855B4100EFA19A /* YYModel in Resources */,
				CD2D6E312885695500EFA19A /* MailViewController.xib in Resources */,
				CD2D6E2628855DC500EFA19A /* MainMenu.xib in Resources */,
				CD2D6DEE28855A4700EFA19A /* Assets.xcassets in Resources */,
				CD2D6E2428855C7D00EFA19A /* MainLoginViewController.xib in Resources */,
				CD2D6E1F28855B8C00EFA19A /* MainWindowsController.xib in Resources */,
			);
			runOnlyForDeploymentPostprocessing = 0;
		};
		CD2D6DF728855A4700EFA19A /* Resources */ = {
			isa = PBXResourcesBuildPhase;
			buildActionMask = 2147483647;
			files = (
			);
			runOnlyForDeploymentPostprocessing = 0;
		};
		CD2D6E0128855A4700EFA19A /* Resources */ = {
			isa = PBXResourcesBuildPhase;
			buildActionMask = 2147483647;
			files = (
			);
			runOnlyForDeploymentPostprocessing = 0;
		};
/* End PBXResourcesBuildPhase section */

/* Begin PBXShellScriptBuildPhase section */
		3E080CC4697F8F955BCD5A39 /* [CP] Check Pods Manifest.lock */ = {
			isa = PBXShellScriptBuildPhase;
			buildActionMask = 2147483647;
			files = (
			);
			inputFileListPaths = (
			);
			inputPaths = (
				"${PODS_PODFILE_DIR_PATH}/Podfile.lock",
				"${PODS_ROOT}/Manifest.lock",
			);
			name = "[CP] Check Pods Manifest.lock";
			outputFileListPaths = (
			);
			outputPaths = (
				"$(DERIVED_FILE_DIR)/Pods-AronMail-checkManifestLockResult.txt",
			);
			runOnlyForDeploymentPostprocessing = 0;
			shellPath = /bin/sh;
			shellScript = "diff \"${PODS_PODFILE_DIR_PATH}/Podfile.lock\" \"${PODS_ROOT}/Manifest.lock\" > /dev/null\nif [ $? != 0 ] ; then\n    # print error to STDERR\n    echo \"error: The sandbox is not in sync with the Podfile.lock. Run 'pod install' or update your CocoaPods installation.\" >&2\n    exit 1\nfi\n# This output is used by Xcode 'outputs' to avoid re-running this script phase.\necho \"SUCCESS\" > \"${SCRIPT_OUTPUT_FILE_0}\"\n";
			showEnvVarsInLog = 0;
		};
		41F959CB17A7008F6E26123C /* [CP] Check Pods Manifest.lock */ = {
			isa = PBXShellScriptBuildPhase;
			buildActionMask = 2147483647;
			files = (
			);
			inputFileListPaths = (
			);
			inputPaths = (
				"${PODS_PODFILE_DIR_PATH}/Podfile.lock",
				"${PODS_ROOT}/Manifest.lock",
			);
			name = "[CP] Check Pods Manifest.lock";
			outputFileListPaths = (
			);
			outputPaths = (
				"$(DERIVED_FILE_DIR)/Pods-AronMailTests-checkManifestLockResult.txt",
			);
			runOnlyForDeploymentPostprocessing = 0;
			shellPath = /bin/sh;
			shellScript = "diff \"${PODS_PODFILE_DIR_PATH}/Podfile.lock\" \"${PODS_ROOT}/Manifest.lock\" > /dev/null\nif [ $? != 0 ] ; then\n    # print error to STDERR\n    echo \"error: The sandbox is not in sync with the Podfile.lock. Run 'pod install' or update your CocoaPods installation.\" >&2\n    exit 1\nfi\n# This output is used by Xcode 'outputs' to avoid re-running this script phase.\necho \"SUCCESS\" > \"${SCRIPT_OUTPUT_FILE_0}\"\n";
			showEnvVarsInLog = 0;
		};
		72053EB7BB91511AA7862132 /* [CP] Copy Pods Resources */ = {
			isa = PBXShellScriptBuildPhase;
			buildActionMask = 2147483647;
			files = (
			);
			inputFileListPaths = (
				"${PODS_ROOT}/Target Support Files/Pods-AronMail/Pods-AronMail-resources-${CONFIGURATION}-input-files.xcfilelist",
			);
			name = "[CP] Copy Pods Resources";
			outputFileListPaths = (
				"${PODS_ROOT}/Target Support Files/Pods-AronMail/Pods-AronMail-resources-${CONFIGURATION}-output-files.xcfilelist",
			);
			runOnlyForDeploymentPostprocessing = 0;
			shellPath = /bin/sh;
			shellScript = "\"${PODS_ROOT}/Target Support Files/Pods-AronMail/Pods-AronMail-resources.sh\"\n";
			showEnvVarsInLog = 0;
		};
		C2DAE36C74924BFF61BD435D /* [CP] Copy Pods Resources */ = {
			isa = PBXShellScriptBuildPhase;
			buildActionMask = 2147483647;
			files = (
			);
			inputFileListPaths = (
				"${PODS_ROOT}/Target Support Files/Pods-AronMail-AronMailUITests/Pods-AronMail-AronMailUITests-resources-${CONFIGURATION}-input-files.xcfilelist",
			);
			name = "[CP] Copy Pods Resources";
			outputFileListPaths = (
				"${PODS_ROOT}/Target Support Files/Pods-AronMail-AronMailUITests/Pods-AronMail-AronMailUITests-resources-${CONFIGURATION}-output-files.xcfilelist",
			);
			runOnlyForDeploymentPostprocessing = 0;
			shellPath = /bin/sh;
			shellScript = "\"${PODS_ROOT}/Target Support Files/Pods-AronMail-AronMailUITests/Pods-AronMail-AronMailUITests-resources.sh\"\n";
			showEnvVarsInLog = 0;
		};
		CCB5D4694D56A6B4F08415E1 /* [CP] Check Pods Manifest.lock */ = {
			isa = PBXShellScriptBuildPhase;
			buildActionMask = 2147483647;
			files = (
			);
			inputFileListPaths = (
			);
			inputPaths = (
				"${PODS_PODFILE_DIR_PATH}/Podfile.lock",
				"${PODS_ROOT}/Manifest.lock",
			);
			name = "[CP] Check Pods Manifest.lock";
			outputFileListPaths = (
			);
			outputPaths = (
				"$(DERIVED_FILE_DIR)/Pods-AronMail-AronMailUITests-checkManifestLockResult.txt",
			);
			runOnlyForDeploymentPostprocessing = 0;
			shellPath = /bin/sh;
			shellScript = "diff \"${PODS_PODFILE_DIR_PATH}/Podfile.lock\" \"${PODS_ROOT}/Manifest.lock\" > /dev/null\nif [ $? != 0 ] ; then\n    # print error to STDERR\n    echo \"error: The sandbox is not in sync with the Podfile.lock. Run 'pod install' or update your CocoaPods installation.\" >&2\n    exit 1\nfi\n# This output is used by Xcode 'outputs' to avoid re-running this script phase.\necho \"SUCCESS\" > \"${SCRIPT_OUTPUT_FILE_0}\"\n";
			showEnvVarsInLog = 0;
		};
/* End PBXShellScriptBuildPhase section */

/* Begin PBXSourcesBuildPhase section */
		CD2D6DE328855A4500EFA19A /* Sources */ = {
			isa = PBXSourcesBuildPhase;
			buildActionMask = 2147483647;
			files = (
				CD2D6DF328855A4700EFA19A /* main.m in Sources */,
				CD2D6E3D288657CE00EFA19A /* MailMenuList.m in Sources */,
				CD2D6E2328855C7D00EFA19A /* MainLoginViewController.m in Sources */,
				CD2D6DEC28855A4500EFA19A /* AppDelegate.m in Sources */,
				CD2D6E2928855E7E00EFA19A /* MainLoginView.m in Sources */,
				CD2D6E3428858C8900EFA19A /* MainMailView.m in Sources */,
				CD2D6E37288591F200EFA19A /* CellTableView.m in Sources */,
				CD2D6E3A2885929100EFA19A /* MailList.m in Sources */,
				CD2D6E4328867EC300EFA19A /* CellMailMenuListView.m in Sources */,
				CD2D6E1D28855B8600EFA19A /* MainWindowsController.m in Sources */,
				CD2D6E302885695500EFA19A /* MailViewController.m in Sources */,
			);
			runOnlyForDeploymentPostprocessing = 0;
		};
		CD2D6DF528855A4700EFA19A /* Sources */ = {
			isa = PBXSourcesBuildPhase;
			buildActionMask = 2147483647;
			files = (
				CD2D6DFE28855A4700EFA19A /* AronMailTests.m in Sources */,
			);
			runOnlyForDeploymentPostprocessing = 0;
		};
		CD2D6DFF28855A4700EFA19A /* Sources */ = {
			isa = PBXSourcesBuildPhase;
			buildActionMask = 2147483647;
			files = (
				CD2D6E0828855A4700EFA19A /* AronMailUITests.m in Sources */,
				CD2D6E0A28855A4700EFA19A /* AronMailUITestsLaunchTests.m in Sources */,
			);
			runOnlyForDeploymentPostprocessing = 0;
		};
/* End PBXSourcesBuildPhase section */

/* Begin PBXTargetDependency section */
		CD2D6DFB28855A4700EFA19A /* PBXTargetDependency */ = {
			isa = PBXTargetDependency;
			target = CD2D6DE628855A4500EFA19A /* AronMail */;
			targetProxy = CD2D6DFA28855A4700EFA19A /* PBXContainerItemProxy */;
		};
		CD2D6E0528855A4700EFA19A /* PBXTargetDependency */ = {
			isa = PBXTargetDependency;
			target = CD2D6DE628855A4500EFA19A /* AronMail */;
			targetProxy = CD2D6E0428855A4700EFA19A /* PBXContainerItemProxy */;
		};
/* End PBXTargetDependency section */

/* Begin XCBuildConfiguration section */
		CD2D6E0B28855A4700EFA19A /* Debug */ = {
			isa = XCBuildConfiguration;
			buildSettings = {
				ALWAYS_SEARCH_USER_PATHS = NO;
				CLANG_ANALYZER_NONNULL = YES;
				CLANG_ANALYZER_NUMBER_OBJECT_CONVERSION = YES_AGGRESSIVE;
				CLANG_CXX_LANGUAGE_STANDARD = "gnu++17";
				CLANG_ENABLE_MODULES = YES;
				CLANG_ENABLE_OBJC_ARC = YES;
				CLANG_ENABLE_OBJC_WEAK = YES;
				CLANG_WARN_BLOCK_CAPTURE_AUTORELEASING = YES;
				CLANG_WARN_BOOL_CONVERSION = YES;
				CLANG_WARN_COMMA = YES;
				CLANG_WARN_CONSTANT_CONVERSION = YES;
				CLANG_WARN_DEPRECATED_OBJC_IMPLEMENTATIONS = YES;
				CLANG_WARN_DIRECT_OBJC_ISA_USAGE = YES_ERROR;
				CLANG_WARN_DOCUMENTATION_COMMENTS = YES;
				CLANG_WARN_EMPTY_BODY = YES;
				CLANG_WARN_ENUM_CONVERSION = YES;
				CLANG_WARN_INFINITE_RECURSION = YES;
				CLANG_WARN_INT_CONVERSION = YES;
				CLANG_WARN_NON_LITERAL_NULL_CONVERSION = YES;
				CLANG_WARN_OBJC_IMPLICIT_RETAIN_SELF = YES;
				CLANG_WARN_OBJC_LITERAL_CONVERSION = YES;
				CLANG_WARN_OBJC_ROOT_CLASS = YES_ERROR;
				CLANG_WARN_QUOTED_INCLUDE_IN_FRAMEWORK_HEADER = YES;
				CLANG_WARN_RANGE_LOOP_ANALYSIS = YES;
				CLANG_WARN_STRICT_PROTOTYPES = YES;
				CLANG_WARN_SUSPICIOUS_MOVE = YES;
				CLANG_WARN_UNGUARDED_AVAILABILITY = YES_AGGRESSIVE;
				CLANG_WARN_UNREACHABLE_CODE = YES;
				CLANG_WARN__DUPLICATE_METHOD_MATCH = YES;
				COPY_PHASE_STRIP = NO;
				DEBUG_INFORMATION_FORMAT = dwarf;
				ENABLE_STRICT_OBJC_MSGSEND = YES;
				ENABLE_TESTABILITY = YES;
				GCC_C_LANGUAGE_STANDARD = gnu11;
				GCC_DYNAMIC_NO_PIC = NO;
				GCC_NO_COMMON_BLOCKS = YES;
				GCC_OPTIMIZATION_LEVEL = 0;
				GCC_PREPROCESSOR_DEFINITIONS = (
					"DEBUG=1",
					"$(inherited)",
				);
				GCC_WARN_64_TO_32_BIT_CONVERSION = YES;
				GCC_WARN_ABOUT_RETURN_TYPE = YES_ERROR;
				GCC_WARN_UNDECLARED_SELECTOR = YES;
				GCC_WARN_UNINITIALIZED_AUTOS = YES_AGGRESSIVE;
				GCC_WARN_UNUSED_FUNCTION = YES;
				GCC_WARN_UNUSED_VARIABLE = YES;
				MACOSX_DEPLOYMENT_TARGET = 12.3;
				MTL_ENABLE_DEBUG_INFO = INCLUDE_SOURCE;
				MTL_FAST_MATH = YES;
				ONLY_ACTIVE_ARCH = YES;
				SDKROOT = macosx;
			};
			name = Debug;
		};
		CD2D6E0C28855A4700EFA19A /* Release */ = {
			isa = XCBuildConfiguration;
			buildSettings = {
				ALWAYS_SEARCH_USER_PATHS = NO;
				CLANG_ANALYZER_NONNULL = YES;
				CLANG_ANALYZER_NUMBER_OBJECT_CONVERSION = YES_AGGRESSIVE;
				CLANG_CXX_LANGUAGE_STANDARD = "gnu++17";
				CLANG_ENABLE_MODULES = YES;
				CLANG_ENABLE_OBJC_ARC = YES;
				CLANG_ENABLE_OBJC_WEAK = YES;
				CLANG_WARN_BLOCK_CAPTURE_AUTORELEASING = YES;
				CLANG_WARN_BOOL_CONVERSION = YES;
				CLANG_WARN_COMMA = YES;
				CLANG_WARN_CONSTANT_CONVERSION = YES;
				CLANG_WARN_DEPRECATED_OBJC_IMPLEMENTATIONS = YES;
				CLANG_WARN_DIRECT_OBJC_ISA_USAGE = YES_ERROR;
				CLANG_WARN_DOCUMENTATION_COMMENTS = YES;
				CLANG_WARN_EMPTY_BODY = YES;
				CLANG_WARN_ENUM_CONVERSION = YES;
				CLANG_WARN_INFINITE_RECURSION = YES;
				CLANG_WARN_INT_CONVERSION = YES;
				CLANG_WARN_NON_LITERAL_NULL_CONVERSION = YES;
				CLANG_WARN_OBJC_IMPLICIT_RETAIN_SELF = YES;
				CLANG_WARN_OBJC_LITERAL_CONVERSION = YES;
				CLANG_WARN_OBJC_ROOT_CLASS = YES_ERROR;
				CLANG_WARN_QUOTED_INCLUDE_IN_FRAMEWORK_HEADER = YES;
				CLANG_WARN_RANGE_LOOP_ANALYSIS = YES;
				CLANG_WARN_STRICT_PROTOTYPES = YES;
				CLANG_WARN_SUSPICIOUS_MOVE = YES;
				CLANG_WARN_UNGUARDED_AVAILABILITY = YES_AGGRESSIVE;
				CLANG_WARN_UNREACHABLE_CODE = YES;
				CLANG_WARN__DUPLICATE_METHOD_MATCH = YES;
				COPY_PHASE_STRIP = NO;
				DEBUG_INFORMATION_FORMAT = "dwarf-with-dsym";
				ENABLE_NS_ASSERTIONS = NO;
				ENABLE_STRICT_OBJC_MSGSEND = YES;
				GCC_C_LANGUAGE_STANDARD = gnu11;
				GCC_NO_COMMON_BLOCKS = YES;
				GCC_WARN_64_TO_32_BIT_CONVERSION = YES;
				GCC_WARN_ABOUT_RETURN_TYPE = YES_ERROR;
				GCC_WARN_UNDECLARED_SELECTOR = YES;
				GCC_WARN_UNINITIALIZED_AUTOS = YES_AGGRESSIVE;
				GCC_WARN_UNUSED_FUNCTION = YES;
				GCC_WARN_UNUSED_VARIABLE = YES;
				MACOSX_DEPLOYMENT_TARGET = 12.3;
				MTL_ENABLE_DEBUG_INFO = NO;
				MTL_FAST_MATH = YES;
				SDKROOT = macosx;
			};
			name = Release;
		};
		CD2D6E0E28855A4700EFA19A /* Debug */ = {
			isa = XCBuildConfiguration;
			baseConfigurationReference = 453162D01DA686C65E1FA1F1 /* Pods-AronMail.debug.xcconfig */;
			buildSettings = {
				ALWAYS_EMBED_SWIFT_STANDARD_LIBRARIES = YES;
				ASSETCATALOG_COMPILER_APPICON_NAME = AppIcon;
				ASSETCATALOG_COMPILER_GLOBAL_ACCENT_COLOR_NAME = AccentColor;
				CODE_SIGN_ENTITLEMENTS = AronMail/AronMail.entitlements;
				CODE_SIGN_IDENTITY = "-";
				CODE_SIGN_STYLE = Automatic;
				COMBINE_HIDPI_IMAGES = YES;
				CURRENT_PROJECT_VERSION = 1;
				DEVELOPMENT_TEAM = C4RJDT5BP6;
				ENABLE_HARDENED_RUNTIME = YES;
				GENERATE_INFOPLIST_FILE = YES;
				INFOPLIST_FILE = AronMail/Info.plist;
				INFOPLIST_KEY_NSHumanReadableCopyright = "";
				INFOPLIST_KEY_NSMainNibFile = MainMenu;
				INFOPLIST_KEY_NSPrincipalClass = NSApplication;
				LD_RUNPATH_SEARCH_PATHS = (
					"$(inherited)",
					"@executable_path/../Frameworks",
				);
				MARKETING_VERSION = 1.0;
				PRODUCT_BUNDLE_IDENTIFIER = us.zoom.AronMail;
				PRODUCT_NAME = "$(TARGET_NAME)";
				SWIFT_EMIT_LOC_STRINGS = YES;
			};
			name = Debug;
		};
		CD2D6E0F28855A4700EFA19A /* Release */ = {
			isa = XCBuildConfiguration;
			baseConfigurationReference = 7AE0BBBE957FC1439ABB437E /* Pods-AronMail.release.xcconfig */;
			buildSettings = {
				ALWAYS_EMBED_SWIFT_STANDARD_LIBRARIES = YES;
				ASSETCATALOG_COMPILER_APPICON_NAME = AppIcon;
				ASSETCATALOG_COMPILER_GLOBAL_ACCENT_COLOR_NAME = AccentColor;
				CODE_SIGN_ENTITLEMENTS = AronMail/AronMail.entitlements;
				CODE_SIGN_IDENTITY = "-";
				CODE_SIGN_STYLE = Automatic;
				COMBINE_HIDPI_IMAGES = YES;
				CURRENT_PROJECT_VERSION = 1;
				DEVELOPMENT_TEAM = C4RJDT5BP6;
				ENABLE_HARDENED_RUNTIME = YES;
				GENERATE_INFOPLIST_FILE = YES;
				INFOPLIST_FILE = AronMail/Info.plist;
				INFOPLIST_KEY_NSHumanReadableCopyright = "";
				INFOPLIST_KEY_NSMainNibFile = MainMenu;
				INFOPLIST_KEY_NSPrincipalClass = NSApplication;
				LD_RUNPATH_SEARCH_PATHS = (
					"$(inherited)",
					"@executable_path/../Frameworks",
				);
				MARKETING_VERSION = 1.0;
				PRODUCT_BUNDLE_IDENTIFIER = us.zoom.AronMail;
				PRODUCT_NAME = "$(TARGET_NAME)";
				SWIFT_EMIT_LOC_STRINGS = YES;
			};
			name = Release;
		};
		CD2D6E1128855A4700EFA19A /* Debug */ = {
			isa = XCBuildConfiguration;
			baseConfigurationReference = D2D3628914ADA55A3324FDE9 /* Pods-AronMailTests.debug.xcconfig */;
			buildSettings = {
				BUNDLE_LOADER = "$(TEST_HOST)";
				CODE_SIGN_STYLE = Automatic;
				CURRENT_PROJECT_VERSION = 1;
				DEVELOPMENT_TEAM = C4RJDT5BP6;
				GENERATE_INFOPLIST_FILE = YES;
				MACOSX_DEPLOYMENT_TARGET = 12.3;
				MARKETING_VERSION = 1.0;
				PRODUCT_BUNDLE_IDENTIFIER = us.zoom.AronMailTests;
				PRODUCT_NAME = "$(TARGET_NAME)";
				SWIFT_EMIT_LOC_STRINGS = NO;
				TEST_HOST = "$(BUILT_PRODUCTS_DIR)/AronMail.app/Contents/MacOS/AronMail";
			};
			name = Debug;
		};
		CD2D6E1228855A4700EFA19A /* Release */ = {
			isa = XCBuildConfiguration;
			baseConfigurationReference = 83004270AC5E655F635C380E /* Pods-AronMailTests.release.xcconfig */;
			buildSettings = {
				BUNDLE_LOADER = "$(TEST_HOST)";
				CODE_SIGN_STYLE = Automatic;
				CURRENT_PROJECT_VERSION = 1;
				DEVELOPMENT_TEAM = C4RJDT5BP6;
				GENERATE_INFOPLIST_FILE = YES;
				MACOSX_DEPLOYMENT_TARGET = 12.3;
				MARKETING_VERSION = 1.0;
				PRODUCT_BUNDLE_IDENTIFIER = us.zoom.AronMailTests;
				PRODUCT_NAME = "$(TARGET_NAME)";
				SWIFT_EMIT_LOC_STRINGS = NO;
				TEST_HOST = "$(BUILT_PRODUCTS_DIR)/AronMail.app/Contents/MacOS/AronMail";
			};
			name = Release;
		};
		CD2D6E1428855A4700EFA19A /* Debug */ = {
			isa = XCBuildConfiguration;
			baseConfigurationReference = 30C74770AF3DBDB915E11EED /* Pods-AronMail-AronMailUITests.debug.xcconfig */;
			buildSettings = {
				ALWAYS_EMBED_SWIFT_STANDARD_LIBRARIES = YES;
				CODE_SIGN_STYLE = Automatic;
				CURRENT_PROJECT_VERSION = 1;
				DEVELOPMENT_TEAM = C4RJDT5BP6;
				GENERATE_INFOPLIST_FILE = YES;
				MARKETING_VERSION = 1.0;
				PRODUCT_BUNDLE_IDENTIFIER = us.zoom.AronMailUITests;
				PRODUCT_NAME = "$(TARGET_NAME)";
				SWIFT_EMIT_LOC_STRINGS = NO;
				TEST_TARGET_NAME = AronMail;
			};
			name = Debug;
		};
		CD2D6E1528855A4700EFA19A /* Release */ = {
			isa = XCBuildConfiguration;
			baseConfigurationReference = 186E1FB5F49A7374D52F436B /* Pods-AronMail-AronMailUITests.release.xcconfig */;
			buildSettings = {
				ALWAYS_EMBED_SWIFT_STANDARD_LIBRARIES = YES;
				CODE_SIGN_STYLE = Automatic;
				CURRENT_PROJECT_VERSION = 1;
				DEVELOPMENT_TEAM = C4RJDT5BP6;
				GENERATE_INFOPLIST_FILE = YES;
				MARKETING_VERSION = 1.0;
				PRODUCT_BUNDLE_IDENTIFIER = us.zoom.AronMailUITests;
				PRODUCT_NAME = "$(TARGET_NAME)";
				SWIFT_EMIT_LOC_STRINGS = NO;
				TEST_TARGET_NAME = AronMail;
			};
			name = Release;
		};
/* End XCBuildConfiguration section */

/* Begin XCConfigurationList section */
		CD2D6DE228855A4500EFA19A /* Build configuration list for PBXProject "AronMail" */ = {
			isa = XCConfigurationList;
			buildConfigurations = (
				CD2D6E0B28855A4700EFA19A /* Debug */,
				CD2D6E0C28855A4700EFA19A /* Release */,
			);
			defaultConfigurationIsVisible = 0;
			defaultConfigurationName = Release;
		};
		CD2D6E0D28855A4700EFA19A /* Build configuration list for PBXNativeTarget "AronMail" */ = {
			isa = XCConfigurationList;
			buildConfigurations = (
				CD2D6E0E28855A4700EFA19A /* Debug */,
				CD2D6E0F28855A4700EFA19A /* Release */,
			);
			defaultConfigurationIsVisible = 0;
			defaultConfigurationName = Release;
		};
		CD2D6E1028855A4700EFA19A /* Build configuration list for PBXNativeTarget "AronMailTests" */ = {
			isa = XCConfigurationList;
			buildConfigurations = (
				CD2D6E1128855A4700EFA19A /* Debug */,
				CD2D6E1228855A4700EFA19A /* Release */,
			);
			defaultConfigurationIsVisible = 0;
			defaultConfigurationName = Release;
		};
		CD2D6E1328855A4700EFA19A /* Build configuration list for PBXNativeTarget "AronMailUITests" */ = {
			isa = XCConfigurationList;
			buildConfigurations = (
				CD2D6E1428855A4700EFA19A /* Debug */,
				CD2D6E1528855A4700EFA19A /* Release */,
			);
			defaultConfigurationIsVisible = 0;
			defaultConfigurationName = Release;
		};
/* End XCConfigurationList section */
	};
	rootObject = CD2D6DDF28855A4500EFA19A /* Project object */;
}
